{
  "name": "green-audit-backend-carbon",
  "lockfileVersion": 3,
  "requires": true,
  "packages": {
    "": {
      "name": "green-audit-backend-carbon",
      "dependencies": {
        "@tgwf/co2": "^0.18.0"
      }
    },
    "node_modules/@tgwf/co2": {
      "version": "0.18.0",
      "resolved": "https://registry.npmjs.org/@tgwf/co2/-/co2-0.18.0.tgz",
      "integrity": "sha512-YMLTBPJX1WqKcnf4oRnw7laDcAExj2efT+ujglaHCRPG5/66raaIlUav3JgMIN+aDilwyGrmLhUoM2PvWYavFQ==",
      "license": "Apache-2.0",
      "engines": {
        "node": ">=14.0.0"
      }
    }
  }
}
